
Microsoft Visual Studio Solution File, Format Version 12.00
# Visual Studio Version 16
VisualStudioVersion = 16.0.34031.81
MinimumVisualStudioVersion = 10.0.40219.1
Project("{FAE04EC0-301F-11D3-BF4B-00C04F79EFBC}") = "Exercise1", "Exercise1\Exercise1.csproj", "{3C2937D7-E0EF-44A5-870B-9C6E4D7F8ADB}"
EndProject
Project("{FAE04EC0-301F-11D3-BF4B-00C04F79EFBC}") = "Exercise2", "Exercise2\Exercise2.csproj", "{086A3DAB-A1C1-4260-9206-2A09CE9031CC}"
EndProject
Project("{FAE04EC0-301F-11D3-BF4B-00C04F79EFBC}") = "Exercise3", "Exercise3\Exercise3.csproj", "{49430E4D-9F74-4FE1-A029-446F330A2BE3}"
EndProject
Global
	GlobalSection(SolutionConfigurationPlatforms) = preSolution
		Debug|Any CPU = Debug|Any CPU
		Release|Any CPU = Release|Any CPU
	EndGlobalSection
	GlobalSection(ProjectConfigurationPlatforms) = postSolution
		{3C2937D7-E0EF-44A5-870B-9C6E4D7F8ADB}.Debug|Any CPU.ActiveCfg = Debug|Any CPU
		{3C2937D7-E0EF-44A5-870B-9C6E4D7F8ADB}.Debug|Any CPU.Build.0 = Debug|Any CPU
		{3C2937D7-E0EF-44A5-870B-9C6E4D7F8ADB}.Release|Any CPU.ActiveCfg = Release|Any CPU
		{3C2937D7-E0EF-44A5-870B-9C6E4D7F8ADB}.Release|Any CPU.Build.0 = Release|Any CPU
		{086A3DAB-A1C1-4260-9206-2A09CE9031CC}.Debug|Any CPU.ActiveCfg = Debug|Any CPU
		{086A3DAB-A1C1-4260-9206-2A09CE9031CC}.Debug|Any CPU.Build.0 = Debug|Any CPU
		{086A3DAB-A1C1-4260-9206-2A09CE9031CC}.Release|Any CPU.ActiveCfg = Release|Any CPU
		{086A3DAB-A1C1-4260-9206-2A09CE9031CC}.Release|Any CPU.Build.0 = Release|Any CPU
		{49430E4D-9F74-4FE1-A029-446F330A2BE3}.Debug|Any CPU.ActiveCfg = Debug|Any CPU
		{49430E4D-9F74-4FE1-A029-446F330A2BE3}.Debug|Any CPU.Build.0 = Debug|Any CPU
		{49430E4D-9F74-4FE1-A029-446F330A2BE3}.Release|Any CPU.ActiveCfg = Release|Any CPU
		{49430E4D-9F74-4FE1-A029-446F330A2BE3}.Release|Any CPU.Build.0 = Release|Any CPU
	EndGlobalSection
	GlobalSection(SolutionProperties) = preSolution
		HideSolutionNode = FALSE
	EndGlobalSection
	GlobalSection(ExtensibilityGlobals) = postSolution
		SolutionGuid = {3F0A9680-8A3A-4A6F-8CB4-538A8A620665}
	EndGlobalSection
EndGlobal
