
Microsoft Visual Studio Solution File, Format Version 12.00
# Visual Studio Version 17
VisualStudioVersion = 17.7.34031.279
MinimumVisualStudioVersion = 10.0.40219.1
Project("{FAE04EC0-301F-11D3-BF4B-00C04F79EFBC}") = "Lesson", "Lesson\Lesson.csproj", "{569C2F94-2984-4E19-87E2-22F66D75A13F}"
EndProject
Project("{FAE04EC0-301F-11D3-BF4B-00C04F79EFBC}") = "Exercise2", "Exercise2\Exercise2.csproj", "{F92E4E91-C3E0-4037-B4A6-72B61CB88487}"
EndProject
Project("{FAE04EC0-301F-11D3-BF4B-00C04F79EFBC}") = "Exercise3", "Exercise3\Exercise3.csproj", "{286F1D31-3D83-4FA3-A26C-6A8B12AF1052}"
EndProject
Project("{FAE04EC0-301F-11D3-BF4B-00C04F79EFBC}") = "Exercise4", "Exercise4\Exercise4.csproj", "{FCD89C5E-D592-4195-8F36-F27FE234A31D}"
EndProject
Project("{FAE04EC0-301F-11D3-BF4B-00C04F79EFBC}") = "Exercise5", "Exercise5\Exercise5.csproj", "{CBAA1581-93BF-4E25-B490-520B142B1D27}"
EndProject
Global
	GlobalSection(SolutionConfigurationPlatforms) = preSolution
		Debug|Any CPU = Debug|Any CPU
		Release|Any CPU = Release|Any CPU
	EndGlobalSection
	GlobalSection(ProjectConfigurationPlatforms) = postSolution
		{569C2F94-2984-4E19-87E2-22F66D75A13F}.Debug|Any CPU.ActiveCfg = Debug|Any CPU
		{569C2F94-2984-4E19-87E2-22F66D75A13F}.Debug|Any CPU.Build.0 = Debug|Any CPU
		{569C2F94-2984-4E19-87E2-22F66D75A13F}.Release|Any CPU.ActiveCfg = Release|Any CPU
		{569C2F94-2984-4E19-87E2-22F66D75A13F}.Release|Any CPU.Build.0 = Release|Any CPU
		{F92E4E91-C3E0-4037-B4A6-72B61CB88487}.Debug|Any CPU.ActiveCfg = Debug|Any CPU
		{F92E4E91-C3E0-4037-B4A6-72B61CB88487}.Debug|Any CPU.Build.0 = Debug|Any CPU
		{F92E4E91-C3E0-4037-B4A6-72B61CB88487}.Release|Any CPU.ActiveCfg = Release|Any CPU
		{F92E4E91-C3E0-4037-B4A6-72B61CB88487}.Release|Any CPU.Build.0 = Release|Any CPU
		{286F1D31-3D83-4FA3-A26C-6A8B12AF1052}.Debug|Any CPU.ActiveCfg = Debug|Any CPU
		{286F1D31-3D83-4FA3-A26C-6A8B12AF1052}.Debug|Any CPU.Build.0 = Debug|Any CPU
		{286F1D31-3D83-4FA3-A26C-6A8B12AF1052}.Release|Any CPU.ActiveCfg = Release|Any CPU
		{286F1D31-3D83-4FA3-A26C-6A8B12AF1052}.Release|Any CPU.Build.0 = Release|Any CPU
		{FCD89C5E-D592-4195-8F36-F27FE234A31D}.Debug|Any CPU.ActiveCfg = Debug|Any CPU
		{FCD89C5E-D592-4195-8F36-F27FE234A31D}.Debug|Any CPU.Build.0 = Debug|Any CPU
		{FCD89C5E-D592-4195-8F36-F27FE234A31D}.Release|Any CPU.ActiveCfg = Release|Any CPU
		{FCD89C5E-D592-4195-8F36-F27FE234A31D}.Release|Any CPU.Build.0 = Release|Any CPU
		{CBAA1581-93BF-4E25-B490-520B142B1D27}.Debug|Any CPU.ActiveCfg = Debug|Any CPU
		{CBAA1581-93BF-4E25-B490-520B142B1D27}.Debug|Any CPU.Build.0 = Debug|Any CPU
		{CBAA1581-93BF-4E25-B490-520B142B1D27}.Release|Any CPU.ActiveCfg = Release|Any CPU
		{CBAA1581-93BF-4E25-B490-520B142B1D27}.Release|Any CPU.Build.0 = Release|Any CPU
	EndGlobalSection
	GlobalSection(SolutionProperties) = preSolution
		HideSolutionNode = FALSE
	EndGlobalSection
	GlobalSection(ExtensibilityGlobals) = postSolution
		SolutionGuid = {F4FA5812-D748-4C69-B97A-A364BA9C6AE6}
	EndGlobalSection
EndGlobal
